
Microsoft Visual Studio Solution File, Format Version 12.00
# Visual Studio Version 16
VisualStudioVersion = 16.0.30821.11
MinimumVisualStudioVersion = 10.0.40219.1
Project("{FAE04EC0-301F-11D3-BF4B-00C04F79EFBC}") = "SocialMediaApp.UWP", "SocialMediaApp\SocialMediaApp.UWP\SocialMediaApp.UWP.csproj", "{695F354F-CBEE-4F7D-9F77-411229C8B3A8}"
EndProject
Project("{FAE04EC0-301F-11D3-BF4B-00C04F79EFBC}") = "SocialMediaApp.Android", "SocialMediaApp\SocialMediaApp.Android\SocialMediaApp.Android.csproj", "{98793081-70D1-494B-B4DB-2942D55C1DDB}"
EndProject
Project("{FAE04EC0-301F-11D3-BF4B-00C04F79EFBC}") = "SocialMediaApp.iOS", "SocialMediaApp\SocialMediaApp.iOS\SocialMediaApp.iOS.csproj", "{9B9BAE67-AB00-4322-A643-D30AC2E55DF0}"
EndProject
Project("{9A19103F-16F7-4668-BE54-9A1E7A4F7556}") = "SocialMediaApp", "SocialMediaApp\SocialMediaApp\SocialMediaApp.csproj", "{3CB78E92-915F-449D-94EA-D558A5B4D7A1}"
EndProject
Project("{2150E333-8FDC-42A3-9474-1A3956D46DE8}") = "Apps", "Apps", "{E3B6C9FC-D0ED-4670-ACA3-8D3ACE849476}"
EndProject
Global
	GlobalSection(SolutionConfigurationPlatforms) = preSolution
		Debug|Any CPU = Debug|Any CPU
		Debug|ARM = Debug|ARM
		Debug|iPhone = Debug|iPhone
		Debug|iPhoneSimulator = Debug|iPhoneSimulator
		Debug|x64 = Debug|x64
		Debug|x86 = Debug|x86
		Release|Any CPU = Release|Any CPU
		Release|ARM = Release|ARM
		Release|iPhone = Release|iPhone
		Release|iPhoneSimulator = Release|iPhoneSimulator
		Release|x64 = Release|x64
		Release|x86 = Release|x86
	EndGlobalSection
	GlobalSection(ProjectConfigurationPlatforms) = postSolution
		{695F354F-CBEE-4F7D-9F77-411229C8B3A8}.Debug|Any CPU.ActiveCfg = Debug|x86
		{695F354F-CBEE-4F7D-9F77-411229C8B3A8}.Debug|Any CPU.Build.0 = Debug|x86
		{695F354F-CBEE-4F7D-9F77-411229C8B3A8}.Debug|Any CPU.Deploy.0 = Debug|x86
		{695F354F-CBEE-4F7D-9F77-411229C8B3A8}.Debug|ARM.ActiveCfg = Debug|ARM
		{695F354F-CBEE-4F7D-9F77-411229C8B3A8}.Debug|ARM.Build.0 = Debug|ARM
		{695F354F-CBEE-4F7D-9F77-411229C8B3A8}.Debug|ARM.Deploy.0 = Debug|ARM
		{695F354F-CBEE-4F7D-9F77-411229C8B3A8}.Debug|iPhone.ActiveCfg = Debug|x86
		{695F354F-CBEE-4F7D-9F77-411229C8B3A8}.Debug|iPhone.Build.0 = Debug|x86
		{695F354F-CBEE-4F7D-9F77-411229C8B3A8}.Debug|iPhone.Deploy.0 = Debug|x86
		{695F354F-CBEE-4F7D-9F77-411229C8B3A8}.Debug|iPhoneSimulator.ActiveCfg = Debug|x86
		{695F354F-CBEE-4F7D-9F77-411229C8B3A8}.Debug|iPhoneSimulator.Build.0 = Debug|x86
		{695F354F-CBEE-4F7D-9F77-411229C8B3A8}.Debug|iPhoneSimulator.Deploy.0 = Debug|x86
		{695F354F-CBEE-4F7D-9F77-411229C8B3A8}.Debug|x64.ActiveCfg = Debug|x64
		{695F354F-CBEE-4F7D-9F77-411229C8B3A8}.Debug|x64.Build.0 = Debug|x64
		{695F354F-CBEE-4F7D-9F77-411229C8B3A8}.Debug|x64.Deploy.0 = Debug|x64
		{695F354F-CBEE-4F7D-9F77-411229C8B3A8}.Debug|x86.ActiveCfg = Debug|x86
		{695F354F-CBEE-4F7D-9F77-411229C8B3A8}.Debug|x86.Build.0 = Debug|x86
		{695F354F-CBEE-4F7D-9F77-411229C8B3A8}.Debug|x86.Deploy.0 = Debug|x86
		{695F354F-CBEE-4F7D-9F77-411229C8B3A8}.Release|Any CPU.ActiveCfg = Release|x86
		{695F354F-CBEE-4F7D-9F77-411229C8B3A8}.Release|Any CPU.Build.0 = Release|x86
		{695F354F-CBEE-4F7D-9F77-411229C8B3A8}.Release|Any CPU.Deploy.0 = Release|x86
		{695F354F-CBEE-4F7D-9F77-411229C8B3A8}.Release|ARM.ActiveCfg = Release|ARM
		{695F354F-CBEE-4F7D-9F77-411229C8B3A8}.Release|ARM.Build.0 = Release|ARM
		{695F354F-CBEE-4F7D-9F77-411229C8B3A8}.Release|ARM.Deploy.0 = Release|ARM
		{695F354F-CBEE-4F7D-9F77-411229C8B3A8}.Release|iPhone.ActiveCfg = Release|x86
		{695F354F-CBEE-4F7D-9F77-411229C8B3A8}.Release|iPhone.Build.0 = Release|x86
		{695F354F-CBEE-4F7D-9F77-411229C8B3A8}.Release|iPhone.Deploy.0 = Release|x86
		{695F354F-CBEE-4F7D-9F77-411229C8B3A8}.Release|iPhoneSimulator.ActiveCfg = Release|x86
		{695F354F-CBEE-4F7D-9F77-411229C8B3A8}.Release|iPhoneSimulator.Build.0 = Release|x86
		{695F354F-CBEE-4F7D-9F77-411229C8B3A8}.Release|iPhoneSimulator.Deploy.0 = Release|x86
		{695F354F-CBEE-4F7D-9F77-411229C8B3A8}.Release|x64.ActiveCfg = Release|x64
		{695F354F-CBEE-4F7D-9F77-411229C8B3A8}.Release|x64.Build.0 = Release|x64
		{695F354F-CBEE-4F7D-9F77-411229C8B3A8}.Release|x64.Deploy.0 = Release|x64
		{695F354F-CBEE-4F7D-9F77-411229C8B3A8}.Release|x86.ActiveCfg = Release|x86
		{695F354F-CBEE-4F7D-9F77-411229C8B3A8}.Release|x86.Build.0 = Release|x86
		{695F354F-CBEE-4F7D-9F77-411229C8B3A8}.Release|x86.Deploy.0 = Release|x86
		{98793081-70D1-494B-B4DB-2942D55C1DDB}.Debug|Any CPU.ActiveCfg = Debug|Any CPU
		{98793081-70D1-494B-B4DB-2942D55C1DDB}.Debug|Any CPU.Build.0 = Debug|Any CPU
		{98793081-70D1-494B-B4DB-2942D55C1DDB}.Debug|Any CPU.Deploy.0 = Debug|Any CPU
		{98793081-70D1-494B-B4DB-2942D55C1DDB}.Debug|ARM.ActiveCfg = Debug|Any CPU
		{98793081-70D1-494B-B4DB-2942D55C1DDB}.Debug|ARM.Build.0 = Debug|Any CPU
		{98793081-70D1-494B-B4DB-2942D55C1DDB}.Debug|ARM.Deploy.0 = Debug|Any CPU
		{98793081-70D1-494B-B4DB-2942D55C1DDB}.Debug|iPhone.ActiveCfg = Debug|Any CPU
		{98793081-70D1-494B-B4DB-2942D55C1DDB}.Debug|iPhone.Build.0 = Debug|Any CPU
		{98793081-70D1-494B-B4DB-2942D55C1DDB}.Debug|iPhone.Deploy.0 = Debug|Any CPU
		{98793081-70D1-494B-B4DB-2942D55C1DDB}.Debug|iPhoneSimulator.ActiveCfg = Debug|Any CPU
		{98793081-70D1-494B-B4DB-2942D55C1DDB}.Debug|iPhoneSimulator.Build.0 = Debug|Any CPU
		{98793081-70D1-494B-B4DB-2942D55C1DDB}.Debug|iPhoneSimulator.Deploy.0 = Debug|Any CPU
		{98793081-70D1-494B-B4DB-2942D55C1DDB}.Debug|x64.ActiveCfg = Debug|Any CPU
		{98793081-70D1-494B-B4DB-2942D55C1DDB}.Debug|x64.Build.0 = Debug|Any CPU
		{98793081-70D1-494B-B4DB-2942D55C1DDB}.Debug|x64.Deploy.0 = Debug|Any CPU
		{98793081-70D1-494B-B4DB-2942D55C1DDB}.Debug|x86.ActiveCfg = Debug|Any CPU
		{98793081-70D1-494B-B4DB-2942D55C1DDB}.Debug|x86.Build.0 = Debug|Any CPU
		{98793081-70D1-494B-B4DB-2942D55C1DDB}.Debug|x86.Deploy.0 = Debug|Any CPU
		{98793081-70D1-494B-B4DB-2942D55C1DDB}.Release|Any CPU.ActiveCfg = Release|Any CPU
		{98793081-70D1-494B-B4DB-2942D55C1DDB}.Release|Any CPU.Build.0 = Release|Any CPU
		{98793081-70D1-494B-B4DB-2942D55C1DDB}.Release|Any CPU.Deploy.0 = Release|Any CPU
		{98793081-70D1-494B-B4DB-2942D55C1DDB}.Release|ARM.ActiveCfg = Release|Any CPU
		{98793081-70D1-494B-B4DB-2942D55C1DDB}.Release|ARM.Build.0 = Release|Any CPU
		{98793081-70D1-494B-B4DB-2942D55C1DDB}.Release|ARM.Deploy.0 = Release|Any CPU
		{98793081-70D1-494B-B4DB-2942D55C1DDB}.Release|iPhone.ActiveCfg = Release|Any CPU
		{98793081-70D1-494B-B4DB-2942D55C1DDB}.Release|iPhone.Build.0 = Release|Any CPU
		{98793081-70D1-494B-B4DB-2942D55C1DDB}.Release|iPhone.Deploy.0 = Release|Any CPU
		{98793081-70D1-494B-B4DB-2942D55C1DDB}.Release|iPhoneSimulator.ActiveCfg = Release|Any CPU
		{98793081-70D1-494B-B4DB-2942D55C1DDB}.Release|iPhoneSimulator.Build.0 = Release|Any CPU
		{98793081-70D1-494B-B4DB-2942D55C1DDB}.Release|iPhoneSimulator.Deploy.0 = Release|Any CPU
		{98793081-70D1-494B-B4DB-2942D55C1DDB}.Release|x64.ActiveCfg = Release|Any CPU
		{98793081-70D1-494B-B4DB-2942D55C1DDB}.Release|x64.Build.0 = Release|Any CPU
		{98793081-70D1-494B-B4DB-2942D55C1DDB}.Release|x64.Deploy.0 = Release|Any CPU
		{98793081-70D1-494B-B4DB-2942D55C1DDB}.Release|x86.ActiveCfg = Release|Any CPU
		{98793081-70D1-494B-B4DB-2942D55C1DDB}.Release|x86.Build.0 = Release|Any CPU
		{98793081-70D1-494B-B4DB-2942D55C1DDB}.Release|x86.Deploy.0 = Release|Any CPU
		{9B9BAE67-AB00-4322-A643-D30AC2E55DF0}.Debug|Any CPU.ActiveCfg = Debug|iPhoneSimulator
		{9B9BAE67-AB00-4322-A643-D30AC2E55DF0}.Debug|Any CPU.Build.0 = Debug|iPhoneSimulator
		{9B9BAE67-AB00-4322-A643-D30AC2E55DF0}.Debug|Any CPU.Deploy.0 = Debug|iPhoneSimulator
		{9B9BAE67-AB00-4322-A643-D30AC2E55DF0}.Debug|ARM.ActiveCfg = Debug|iPhone
		{9B9BAE67-AB00-4322-A643-D30AC2E55DF0}.Debug|ARM.Build.0 = Debug|iPhone
		{9B9BAE67-AB00-4322-A643-D30AC2E55DF0}.Debug|ARM.Deploy.0 = Debug|iPhone
		{9B9BAE67-AB00-4322-A643-D30AC2E55DF0}.Debug|iPhone.ActiveCfg = Debug|iPhone
		{9B9BAE67-AB00-4322-A643-D30AC2E55DF0}.Debug|iPhone.Build.0 = Debug|iPhone
		{9B9BAE67-AB00-4322-A643-D30AC2E55DF0}.Debug|iPhone.Deploy.0 = Debug|iPhone
		{9B9BAE67-AB00-4322-A643-D30AC2E55DF0}.Debug|iPhoneSimulator.ActiveCfg = Debug|iPhoneSimulator
		{9B9BAE67-AB00-4322-A643-D30AC2E55DF0}.Debug|iPhoneSimulator.Build.0 = Debug|iPhoneSimulator
		{9B9BAE67-AB00-4322-A643-D30AC2E55DF0}.Debug|iPhoneSimulator.Deploy.0 = Debug|iPhoneSimulator
		{9B9BAE67-AB00-4322-A643-D30AC2E55DF0}.Debug|x64.ActiveCfg = Debug|iPhoneSimulator
		{9B9BAE67-AB00-4322-A643-D30AC2E55DF0}.Debug|x64.Build.0 = Debug|iPhoneSimulator
		{9B9BAE67-AB00-4322-A643-D30AC2E55DF0}.Debug|x64.Deploy.0 = Debug|iPhoneSimulator
		{9B9BAE67-AB00-4322-A643-D30AC2E55DF0}.Debug|x86.ActiveCfg = Debug|iPhoneSimulator
		{9B9BAE67-AB00-4322-A643-D30AC2E55DF0}.Debug|x86.Build.0 = Debug|iPhoneSimulator
		{9B9BAE67-AB00-4322-A643-D30AC2E55DF0}.Debug|x86.Deploy.0 = Debug|iPhoneSimulator
		{9B9BAE67-AB00-4322-A643-D30AC2E55DF0}.Release|Any CPU.ActiveCfg = Release|iPhoneSimulator
		{9B9BAE67-AB00-4322-A643-D30AC2E55DF0}.Release|Any CPU.Build.0 = Release|iPhoneSimulator
		{9B9BAE67-AB00-4322-A643-D30AC2E55DF0}.Release|Any CPU.Deploy.0 = Release|iPhoneSimulator
		{9B9BAE67-AB00-4322-A643-D30AC2E55DF0}.Release|ARM.ActiveCfg = Release|iPhoneSimulator
		{9B9BAE67-AB00-4322-A643-D30AC2E55DF0}.Release|ARM.Build.0 = Release|iPhoneSimulator
		{9B9BAE67-AB00-4322-A643-D30AC2E55DF0}.Release|ARM.Deploy.0 = Release|iPhoneSimulator
		{9B9BAE67-AB00-4322-A643-D30AC2E55DF0}.Release|iPhone.ActiveCfg = Release|iPhone
		{9B9BAE67-AB00-4322-A643-D30AC2E55DF0}.Release|iPhone.Build.0 = Release|iPhone
		{9B9BAE67-AB00-4322-A643-D30AC2E55DF0}.Release|iPhone.Deploy.0 = Release|iPhone
		{9B9BAE67-AB00-4322-A643-D30AC2E55DF0}.Release|iPhoneSimulator.ActiveCfg = Release|iPhoneSimulator
		{9B9BAE67-AB00-4322-A643-D30AC2E55DF0}.Release|iPhoneSimulator.Build.0 = Release|iPhoneSimulator
		{9B9BAE67-AB00-4322-A643-D30AC2E55DF0}.Release|iPhoneSimulator.Deploy.0 = Release|iPhoneSimulator
		{9B9BAE67-AB00-4322-A643-D30AC2E55DF0}.Release|x64.ActiveCfg = Release|iPhoneSimulator
		{9B9BAE67-AB00-4322-A643-D30AC2E55DF0}.Release|x64.Build.0 = Release|iPhoneSimulator
		{9B9BAE67-AB00-4322-A643-D30AC2E55DF0}.Release|x64.Deploy.0 = Release|iPhoneSimulator
		{9B9BAE67-AB00-4322-A643-D30AC2E55DF0}.Release|x86.ActiveCfg = Release|iPhoneSimulator
		{9B9BAE67-AB00-4322-A643-D30AC2E55DF0}.Release|x86.Build.0 = Release|iPhoneSimulator
		{9B9BAE67-AB00-4322-A643-D30AC2E55DF0}.Release|x86.Deploy.0 = Release|iPhoneSimulator
		{3CB78E92-915F-449D-94EA-D558A5B4D7A1}.Debug|Any CPU.ActiveCfg = Debug|Any CPU
		{3CB78E92-915F-449D-94EA-D558A5B4D7A1}.Debug|Any CPU.Build.0 = Debug|Any CPU
		{3CB78E92-915F-449D-94EA-D558A5B4D7A1}.Debug|Any CPU.Deploy.0 = Debug|Any CPU
		{3CB78E92-915F-449D-94EA-D558A5B4D7A1}.Debug|ARM.ActiveCfg = Debug|Any CPU
		{3CB78E92-915F-449D-94EA-D558A5B4D7A1}.Debug|ARM.Build.0 = Debug|Any CPU
		{3CB78E92-915F-449D-94EA-D558A5B4D7A1}.Debug|ARM.Deploy.0 = Debug|Any CPU
		{3CB78E92-915F-449D-94EA-D558A5B4D7A1}.Debug|iPhone.ActiveCfg = Debug|Any CPU
		{3CB78E92-915F-449D-94EA-D558A5B4D7A1}.Debug|iPhone.Build.0 = Debug|Any CPU
		{3CB78E92-915F-449D-94EA-D558A5B4D7A1}.Debug|iPhone.Deploy.0 = Debug|Any CPU
		{3CB78E92-915F-449D-94EA-D558A5B4D7A1}.Debug|iPhoneSimulator.ActiveCfg = Debug|Any CPU
		{3CB78E92-915F-449D-94EA-D558A5B4D7A1}.Debug|iPhoneSimulator.Build.0 = Debug|Any CPU
		{3CB78E92-915F-449D-94EA-D558A5B4D7A1}.Debug|iPhoneSimulator.Deploy.0 = Debug|Any CPU
		{3CB78E92-915F-449D-94EA-D558A5B4D7A1}.Debug|x64.ActiveCfg = Debug|Any CPU
		{3CB78E92-915F-449D-94EA-D558A5B4D7A1}.Debug|x64.Build.0 = Debug|Any CPU
		{3CB78E92-915F-449D-94EA-D558A5B4D7A1}.Debug|x64.Deploy.0 = Debug|Any CPU
		{3CB78E92-915F-449D-94EA-D558A5B4D7A1}.Debug|x86.ActiveCfg = Debug|Any CPU
		{3CB78E92-915F-449D-94EA-D558A5B4D7A1}.Debug|x86.Build.0 = Debug|Any CPU
		{3CB78E92-915F-449D-94EA-D558A5B4D7A1}.Debug|x86.Deploy.0 = Debug|Any CPU
		{3CB78E92-915F-449D-94EA-D558A5B4D7A1}.Release|Any CPU.ActiveCfg = Release|Any CPU
		{3CB78E92-915F-449D-94EA-D558A5B4D7A1}.Release|Any CPU.Build.0 = Release|Any CPU
		{3CB78E92-915F-449D-94EA-D558A5B4D7A1}.Release|Any CPU.Deploy.0 = Release|Any CPU
		{3CB78E92-915F-449D-94EA-D558A5B4D7A1}.Release|ARM.ActiveCfg = Release|Any CPU
		{3CB78E92-915F-449D-94EA-D558A5B4D7A1}.Release|ARM.Build.0 = Release|Any CPU
		{3CB78E92-915F-449D-94EA-D558A5B4D7A1}.Release|ARM.Deploy.0 = Release|Any CPU
		{3CB78E92-915F-449D-94EA-D558A5B4D7A1}.Release|iPhone.ActiveCfg = Release|Any CPU
		{3CB78E92-915F-449D-94EA-D558A5B4D7A1}.Release|iPhone.Build.0 = Release|Any CPU
		{3CB78E92-915F-449D-94EA-D558A5B4D7A1}.Release|iPhone.Deploy.0 = Release|Any CPU
		{3CB78E92-915F-449D-94EA-D558A5B4D7A1}.Release|iPhoneSimulator.ActiveCfg = Release|Any CPU
		{3CB78E92-915F-449D-94EA-D558A5B4D7A1}.Release|iPhoneSimulator.Build.0 = Release|Any CPU
		{3CB78E92-915F-449D-94EA-D558A5B4D7A1}.Release|iPhoneSimulator.Deploy.0 = Release|Any CPU
		{3CB78E92-915F-449D-94EA-D558A5B4D7A1}.Release|x64.ActiveCfg = Release|Any CPU
		{3CB78E92-915F-449D-94EA-D558A5B4D7A1}.Release|x64.Build.0 = Release|Any CPU
		{3CB78E92-915F-449D-94EA-D558A5B4D7A1}.Release|x64.Deploy.0 = Release|Any CPU
		{3CB78E92-915F-449D-94EA-D558A5B4D7A1}.Release|x86.ActiveCfg = Release|Any CPU
		{3CB78E92-915F-449D-94EA-D558A5B4D7A1}.Release|x86.Build.0 = Release|Any CPU
		{3CB78E92-915F-449D-94EA-D558A5B4D7A1}.Release|x86.Deploy.0 = Release|Any CPU
	EndGlobalSection
	GlobalSection(SolutionProperties) = preSolution
		HideSolutionNode = FALSE
	EndGlobalSection
	GlobalSection(NestedProjects) = preSolution
		{695F354F-CBEE-4F7D-9F77-411229C8B3A8} = {E3B6C9FC-D0ED-4670-ACA3-8D3ACE849476}
		{98793081-70D1-494B-B4DB-2942D55C1DDB} = {E3B6C9FC-D0ED-4670-ACA3-8D3ACE849476}
		{9B9BAE67-AB00-4322-A643-D30AC2E55DF0} = {E3B6C9FC-D0ED-4670-ACA3-8D3ACE849476}
	EndGlobalSection
	GlobalSection(ExtensibilityGlobals) = postSolution
		SolutionGuid = {122930B6-CA1E-4983-B1B0-F9B038C52A49}
	EndGlobalSection
EndGlobal
